
Microsoft Visual Studio Solution File, Format Version 12.00
# Visual Studio 15
VisualStudioVersion = 15.0.27428.2002
MinimumVisualStudioVersion = 10.0.40219.1
Project("{FAE04EC0-301F-11D3-BF4B-00C04F79EFBC}") = "Sonakaj2018", "Sonakaj2018\Sonakaj2018.csproj", "{2FC8F11E-0BDC-4551-87E5-A7714C87708E}"
EndProject
Global
	GlobalSection(SolutionConfigurationPlatforms) = preSolution
		Debug|Any CPU = Debug|Any CPU
		Release|Any CPU = Release|Any CPU
	EndGlobalSection
	GlobalSection(ProjectConfigurationPlatforms) = postSolution
		{2FC8F11E-0BDC-4551-87E5-A7714C87708E}.Debug|Any CPU.ActiveCfg = Debug|Any CPU
		{2FC8F11E-0BDC-4551-87E5-A7714C87708E}.Debug|Any CPU.Build.0 = Debug|Any CPU
		{2FC8F11E-0BDC-4551-87E5-A7714C87708E}.Release|Any CPU.ActiveCfg = Release|Any CPU
		{2FC8F11E-0BDC-4551-87E5-A7714C87708E}.Release|Any CPU.Build.0 = Release|Any CPU
	EndGlobalSection
	GlobalSection(SolutionProperties) = preSolution
		HideSolutionNode = FALSE
	EndGlobalSection
	GlobalSection(ExtensibilityGlobals) = postSolution
		SolutionGuid = {5F852E7E-25C8-42BD-BB63-121ADB4DB798}
	EndGlobalSection
EndGlobal
